
Microsoft Visual Studio Solution File, Format Version 12.00
# Visual Studio Version 16
VisualStudioVersion = 16.0.30523.141
MinimumVisualStudioVersion = 10.0.40219.1
Project("{FAE04EC0-301F-11D3-BF4B-00C04F79EFBC}") = "ImageProcessing", "ImageProcessing\ImageProcessing.csproj", "{4D189784-C880-4513-AA14-9D9C4AE9AE25}"
EndProject
Global
	GlobalSection(SolutionConfigurationPlatforms) = preSolution
		Debug|Any CPU = Debug|Any CPU
		Release|Any CPU = Release|Any CPU
	EndGlobalSection
	GlobalSection(ProjectConfigurationPlatforms) = postSolution
		{4D189784-C880-4513-AA14-9D9C4AE9AE25}.Debug|Any CPU.ActiveCfg = Debug|Any CPU
		{4D189784-C880-4513-AA14-9D9C4AE9AE25}.Debug|Any CPU.Build.0 = Debug|Any CPU
		{4D189784-C880-4513-AA14-9D9C4AE9AE25}.Release|Any CPU.ActiveCfg = Release|Any CPU
		{4D189784-C880-4513-AA14-9D9C4AE9AE25}.Release|Any CPU.Build.0 = Release|Any CPU
	EndGlobalSection
	GlobalSection(SolutionProperties) = preSolution
		HideSolutionNode = FALSE
	EndGlobalSection
	GlobalSection(ExtensibilityGlobals) = postSolution
		SolutionGuid = {DA2BB567-4422-4450-9AF2-EB8BB879F615}
	EndGlobalSection
EndGlobal
